
Microsoft Visual Studio Solution File, Format Version 12.00
# Visual Studio Version 17
VisualStudioVersion = 17.5.33530.505
MinimumVisualStudioVersion = 10.0.40219.1
Project("{9A19103F-16F7-4668-BE54-9A1E7A4F7556}") = "TrabalhoCRUD", "TrabalhoCRUD\TrabalhoCRUD.csproj", "{8CC3751A-E231-4DFB-A7E2-88BFAACEF160}"
EndProject
Global
	GlobalSection(SolutionConfigurationPlatforms) = preSolution
		Debug|Any CPU = Debug|Any CPU
		Release|Any CPU = Release|Any CPU
	EndGlobalSection
	GlobalSection(ProjectConfigurationPlatforms) = postSolution
		{8CC3751A-E231-4DFB-A7E2-88BFAACEF160}.Debug|Any CPU.ActiveCfg = Debug|Any CPU
		{8CC3751A-E231-4DFB-A7E2-88BFAACEF160}.Debug|Any CPU.Build.0 = Debug|Any CPU
		{8CC3751A-E231-4DFB-A7E2-88BFAACEF160}.Release|Any CPU.ActiveCfg = Release|Any CPU
		{8CC3751A-E231-4DFB-A7E2-88BFAACEF160}.Release|Any CPU.Build.0 = Release|Any CPU
	EndGlobalSection
	GlobalSection(SolutionProperties) = preSolution
		HideSolutionNode = FALSE
	EndGlobalSection
	GlobalSection(ExtensibilityGlobals) = postSolution
		SolutionGuid = {EC99D436-8CD8-4547-AA8A-0A14BC9A5E14}
	EndGlobalSection
EndGlobal
